{"filter":false,"title":"composer.lock","tooltip":"/composer.lock","undoManager":{"mark":-1,"position":-1,"stack":[]},"ace":{"folds":[],"scrolltop":9387.5,"scrollleft":0,"selection":{"start":{"row":0,"column":0},"end":{"row":0,"column":0},"isBackwards":false},"options":{"guessTabSize":true,"useWrapMode":false,"wrapToView":true},"firstLineState":0},"timestamp":1413568841461,"hash":"7d3a3494b2bf36a16e8a8b90113c8a8463b6ec5a"}